
Microsoft Visual Studio Solution File, Format Version 12.00
# Visual Studio Version 16
VisualStudioVersion = 16.0.30523.141
MinimumVisualStudioVersion = 10.0.40219.1
Project("{FAE04EC0-301F-11D3-BF4B-00C04F79EFBC}") = "WpfApp1", "WpfApp1\WpfApp1.csproj", "{B4DEB9DB-1A5A-4F0C-9833-53FCB2756AA2}"
EndProject
Global
	GlobalSection(SolutionConfigurationPlatforms) = preSolution
		Debug|Any CPU = Debug|Any CPU
		Release|Any CPU = Release|Any CPU
	EndGlobalSection
	GlobalSection(ProjectConfigurationPlatforms) = postSolution
		{B4DEB9DB-1A5A-4F0C-9833-53FCB2756AA2}.Debug|Any CPU.ActiveCfg = Debug|Any CPU
		{B4DEB9DB-1A5A-4F0C-9833-53FCB2756AA2}.Debug|Any CPU.Build.0 = Debug|Any CPU
		{B4DEB9DB-1A5A-4F0C-9833-53FCB2756AA2}.Release|Any CPU.ActiveCfg = Release|Any CPU
		{B4DEB9DB-1A5A-4F0C-9833-53FCB2756AA2}.Release|Any CPU.Build.0 = Release|Any CPU
	EndGlobalSection
	GlobalSection(SolutionProperties) = preSolution
		HideSolutionNode = FALSE
	EndGlobalSection
	GlobalSection(ExtensibilityGlobals) = postSolution
		SolutionGuid = {1A48BAC7-7C70-46A4-AD15-1736191BA968}
	EndGlobalSection
EndGlobal
